# THIS IS AN AUTOGENERATED FILE. DO NOT EDIT THIS FILE DIRECTLY.
# yarn lockfile v1


"@types/q@^1.5.1":
  "integrity" "sha512-L28j2FcJfSZOnL1WBjDYp2vUHCeIFlyYI/53EwD/rKUBQ7MtUUfbQWiyKJGpcnv4/WgrhWsFKrcPstcAt/J0tQ=="
  "resolved" "https://registry.yarnpkg.com/@types/q/-/q-1.5.5.tgz"
  "version" "1.5.5"

"ansi-styles@^3.2.1":
  "integrity" "sha512-VT0ZI6kZRdTh8YyJw3SMbYm/u+NqfsAxEpWO0Pf9sq8/e94WxxOpPKx9FR1FlyCtOVDNOQ+8ntlqFxiRc+r5qA=="
  "resolved" "https://registry.yarnpkg.com/ansi-styles/-/ansi-styles-3.2.1.tgz"
  "version" "3.2.1"
  dependencies:
    "color-convert" "^1.9.0"

"argparse@^1.0.7":
  "integrity" "sha512-o5Roy6tNG4SL/FOkCAN6RzjiakZS25RLYFrcMttJqbdd8BWrnA+fGz57iN5Pb06pvBGvl5gQ0B48dJlslXvoTg=="
  "resolved" "https://registry.yarnpkg.com/argparse/-/argparse-1.0.10.tgz"
  "version" "1.0.10"
  dependencies:
    "sprintf-js" "~1.0.2"

"async@^2.6.2":
  "integrity" "sha512-zflvls11DCy+dQWzTW2dzuilv8Z5X/pjfmZOWba6TNIVDm+2UDaJmXSOXlasHKfNBs8oo3M0aT50fDEWfKZjXg=="
  "resolved" "https://registry.yarnpkg.com/async/-/async-2.6.3.tgz"
  "version" "2.6.3"
  dependencies:
    "lodash" "^4.17.14"

"basic-auth@^2.0.1":
  "integrity" "sha512-NF+epuEdnUYVlGuhaxbbq+dvJttwLnGY+YixlXlME5KpQ5W3CnXA5cVTneY3SPbPDRkcjMbifrwmFYcClgOZeg=="
  "resolved" "https://registry.yarnpkg.com/basic-auth/-/basic-auth-2.0.1.tgz"
  "version" "2.0.1"
  dependencies:
    "safe-buffer" "5.1.2"

"boolbase@^1.0.0", "boolbase@~1.0.0":
  "integrity" "sha1-aN/1++YMUes3cl6p4+0xDcwed24="
  "resolved" "https://registry.yarnpkg.com/boolbase/-/boolbase-1.0.0.tgz"
  "version" "1.0.0"

"call-bind@^1.0.0", "call-bind@^1.0.2":
  "integrity" "sha512-7O+FbCihrB5WGbFYesctwmTKae6rOiIzmz1icreWJ+0aA7LJfuqhEso2T9ncpcFtzMQtzXf2QGGueWJGTYsqrA=="
  "resolved" "https://registry.yarnpkg.com/call-bind/-/call-bind-1.0.2.tgz"
  "version" "1.0.2"
  dependencies:
    "function-bind" "^1.1.1"
    "get-intrinsic" "^1.0.2"

"chalk@^2.4.1":
  "integrity" "sha512-Mti+f9lpJNcwF4tWV8/OrTTtF1gZi+f8FqlyAdouralcFWFQWF2+NgCHShjkCb+IFBLq9buZwE1xckQU4peSuQ=="
  "resolved" "https://registry.yarnpkg.com/chalk/-/chalk-2.4.2.tgz"
  "version" "2.4.2"
  dependencies:
    "ansi-styles" "^3.2.1"
    "escape-string-regexp" "^1.0.5"
    "supports-color" "^5.3.0"

"coa@^2.0.2":
  "integrity" "sha512-q5/jG+YQnSy4nRTV4F7lPepBJZ8qBNJJDBuJdoejDyLXgmL7IEo+Le2JDZudFTFt7mrCqIRaSjws4ygRCTCAXA=="
  "resolved" "https://registry.yarnpkg.com/coa/-/coa-2.0.2.tgz"
  "version" "2.0.2"
  dependencies:
    "@types/q" "^1.5.1"
    "chalk" "^2.4.1"
    "q" "^1.1.2"

"color-convert@^1.9.0":
  "integrity" "sha512-QfAUtd+vFdAtFQcC8CCyYt1fYWxSqAiK2cSD6zDB8N3cpsEBAvRxp9zOGg6G/SHHJYAT88/az/IuDGALsNVbGg=="
  "resolved" "https://registry.yarnpkg.com/color-convert/-/color-convert-1.9.3.tgz"
  "version" "1.9.3"
  dependencies:
    "color-name" "1.1.3"

"color-name@1.1.3":
  "integrity" "sha1-p9BVi9icQveV3UIyj3QIMcpTvCU="
  "resolved" "https://registry.yarnpkg.com/color-name/-/color-name-1.1.3.tgz"
  "version" "1.1.3"

"colors@^1.4.0":
  "integrity" "sha512-a+UqTh4kgZg/SlGvfbzDHpgRu7AAQOmmqRHJnxhRZICKFUT91brVhNNt58CMWU9PsBbv3PDCZUHbVxuDiH2mtA=="
  "resolved" "https://registry.yarnpkg.com/colors/-/colors-1.4.0.tgz"
  "version" "1.4.0"

"copy-anything@^2.0.1":
  "integrity" "sha512-GK6QUtisv4fNS+XcI7shX0Gx9ORg7QqIznyfho79JTnX1XhLiyZHfftvGiziqzRiEi/Bjhgpi+D2o7HxJFPnDQ=="
  "resolved" "https://registry.yarnpkg.com/copy-anything/-/copy-anything-2.0.3.tgz"
  "version" "2.0.3"
  dependencies:
    "is-what" "^3.12.0"

"corser@^2.0.1":
  "integrity" "sha1-jtolLsqrWEDc2XXOuQ2TcMgZ/4c="
  "resolved" "https://registry.yarnpkg.com/corser/-/corser-2.0.1.tgz"
  "version" "2.0.1"

"css-select-base-adapter@^0.1.1":
  "integrity" "sha512-jQVeeRG70QI08vSTwf1jHxp74JoZsr2XSgETae8/xC8ovSnL2WF87GTLO86Sbwdt2lK4Umg4HnnwMO4YF3Ce7w=="
  "resolved" "https://registry.yarnpkg.com/css-select-base-adapter/-/css-select-base-adapter-0.1.1.tgz"
  "version" "0.1.1"

"css-select@^2.0.0":
  "integrity" "sha512-Dqk7LQKpwLoH3VovzZnkzegqNSuAziQyNZUcrdDM401iY+R5NkGBXGmtO05/yaXQziALuPogeG0b7UAgjnTJTQ=="
  "resolved" "https://registry.yarnpkg.com/css-select/-/css-select-2.1.0.tgz"
  "version" "2.1.0"
  dependencies:
    "boolbase" "^1.0.0"
    "css-what" "^3.2.1"
    "domutils" "^1.7.0"
    "nth-check" "^1.0.2"

"css-tree@^1.1.2":
  "integrity" "sha512-wCoWush5Aeo48GLhfHPbmvZs59Z+M7k5+B1xDnXbdWNcEF423DoFdqSWE0PM5aNk5nI5cp1q7ms36zGApY/sKQ=="
  "resolved" "https://registry.yarnpkg.com/css-tree/-/css-tree-1.1.2.tgz"
  "version" "1.1.2"
  dependencies:
    "mdn-data" "2.0.14"
    "source-map" "^0.6.1"

"css-tree@1.0.0-alpha.37":
  "integrity" "sha512-DMxWJg0rnz7UgxKT0Q1HU/L9BeJI0M6ksor0OgqOnF+aRCDWg/N2641HmVyU9KVIu0OVVWOb2IpC9A+BJRnejg=="
  "resolved" "https://registry.yarnpkg.com/css-tree/-/css-tree-1.0.0-alpha.37.tgz"
  "version" "1.0.0-alpha.37"
  dependencies:
    "mdn-data" "2.0.4"
    "source-map" "^0.6.1"

"css-what@^3.2.1":
  "integrity" "sha512-ACUm3L0/jiZTqfzRM3Hi9Q8eZqd6IK37mMWPLz9PJxkLWllYeRf+EHUSHYEtFop2Eqytaq1FizFVh7XfBnXCDQ=="
  "resolved" "https://registry.yarnpkg.com/css-what/-/css-what-3.4.2.tgz"
  "version" "3.4.2"

"csso@^4.0.2":
  "integrity" "sha512-wvlcdIbf6pwKEk7vHj8/Bkc0B4ylXZruLvOgs9doS5eOsOpuodOV2zJChSpkp+pRpYQLQMeF04nr3Z68Sta9jA=="
  "resolved" "https://registry.yarnpkg.com/csso/-/csso-4.2.0.tgz"
  "version" "4.2.0"
  dependencies:
    "css-tree" "^1.1.2"

"debug@^3.1.1", "debug@^3.2.6":
  "integrity" "sha512-CFjzYYAi4ThfiQvizrFQevTTXHtnCqWfe7x1AhgEscTz6ZbLbfoLRLPugTQyBth6f8ZERVUSyWHFD/7Wu4t1XQ=="
  "resolved" "https://registry.yarnpkg.com/debug/-/debug-3.2.7.tgz"
  "version" "3.2.7"
  dependencies:
    "ms" "^2.1.1"

"define-properties@^1.1.3":
  "integrity" "sha512-3MqfYKj2lLzdMSf8ZIZE/V+Zuy+BgD6f164e8K2w7dgnpKArBDerGYpM46IYYcjnkdPNMjPk9A6VFB8+3SKlXQ=="
  "resolved" "https://registry.yarnpkg.com/define-properties/-/define-properties-1.1.3.tgz"
  "version" "1.1.3"
  dependencies:
    "object-keys" "^1.0.12"

"dom-serializer@0":
  "integrity" "sha512-2/xPb3ORsQ42nHYiSunXkDjPLBaEj/xTwUO4B7XCZQTRk7EBtTOPaygh10YAAh2OI1Qrp6NWfpAhzswj0ydt9g=="
  "resolved" "https://registry.yarnpkg.com/dom-serializer/-/dom-serializer-0.2.2.tgz"
  "version" "0.2.2"
  dependencies:
    "domelementtype" "^2.0.1"
    "entities" "^2.0.0"

"domelementtype@^2.0.1":
  "integrity" "sha512-LsTgx/L5VpD+Q8lmsXSHW2WpA+eBlZ9HPf3erD1IoPF00/3JKHZ3BknUVA2QGDNu69ZNmyFmCWBSO45XjYKC5w=="
  "resolved" "https://registry.yarnpkg.com/domelementtype/-/domelementtype-2.1.0.tgz"
  "version" "2.1.0"

"domelementtype@1":
  "integrity" "sha512-BSKB+TSpMpFI/HOxCNr1O8aMOTZ8hT3pM3GQ0w/mWRmkhEDSFJkkyzz4XQsBV44BChwGkrDfMyjVD0eA2aFV3w=="
  "resolved" "https://registry.yarnpkg.com/domelementtype/-/domelementtype-1.3.1.tgz"
  "version" "1.3.1"

"domutils@^1.7.0":
  "integrity" "sha512-Lgd2XcJ/NjEw+7tFvfKxOzCYKZsdct5lczQ2ZaQY8Djz7pfAD3Gbp8ySJWtreII/vDlMVmxwa6pHmdxIYgttDg=="
  "resolved" "https://registry.yarnpkg.com/domutils/-/domutils-1.7.0.tgz"
  "version" "1.7.0"
  dependencies:
    "dom-serializer" "0"
    "domelementtype" "1"

"entities@^2.0.0":
  "integrity" "sha512-p92if5Nz619I0w+akJrLZH0MX0Pb5DX39XOwQTtXSdQQOaYH03S1uIQp4mhOZtAXrxq4ViO67YTiLBo2638o9A=="
  "resolved" "https://registry.yarnpkg.com/entities/-/entities-2.2.0.tgz"
  "version" "2.2.0"

"errno@^0.1.1":
  "integrity" "sha512-MfrRBDWzIWifgq6tJj60gkAwtLNb6sQPlcFrSOflcP1aFmmruKQ2wRnze/8V6kgyz7H3FF8Npzv78mZ7XLLflg=="
  "resolved" "https://registry.yarnpkg.com/errno/-/errno-0.1.7.tgz"
  "version" "0.1.7"
  dependencies:
    "prr" "~1.0.1"

"es-abstract@^1.17.2", "es-abstract@^1.19.1":
  "integrity" "sha512-2vJ6tjA/UfqLm2MPs7jxVybLoB8i1t1Jd9R3kISld20sIxPcTbLuggQOUxeWeAvIUkduv/CfMjuh4WmiXr2v9w=="
  "resolved" "https://registry.yarnpkg.com/es-abstract/-/es-abstract-1.19.1.tgz"
  "version" "1.19.1"
  dependencies:
    "call-bind" "^1.0.2"
    "es-to-primitive" "^1.2.1"
    "function-bind" "^1.1.1"
    "get-intrinsic" "^1.1.1"
    "get-symbol-description" "^1.0.0"
    "has" "^1.0.3"
    "has-symbols" "^1.0.2"
    "internal-slot" "^1.0.3"
    "is-callable" "^1.2.4"
    "is-negative-zero" "^2.0.1"
    "is-regex" "^1.1.4"
    "is-shared-array-buffer" "^1.0.1"
    "is-string" "^1.0.7"
    "is-weakref" "^1.0.1"
    "object-inspect" "^1.11.0"
    "object-keys" "^1.1.1"
    "object.assign" "^4.1.2"
    "string.prototype.trimend" "^1.0.4"
    "string.prototype.trimstart" "^1.0.4"
    "unbox-primitive" "^1.0.1"

"es-to-primitive@^1.2.1":
  "integrity" "sha512-QCOllgZJtaUo9miYBcLChTUaHNjJF3PYs1VidD7AwiEj1kYxKeQTctLAezAOH5ZKRH0g2IgPn6KwB4IT8iRpvA=="
  "resolved" "https://registry.yarnpkg.com/es-to-primitive/-/es-to-primitive-1.2.1.tgz"
  "version" "1.2.1"
  dependencies:
    "is-callable" "^1.1.4"
    "is-date-object" "^1.0.1"
    "is-symbol" "^1.0.2"

"escape-string-regexp@^1.0.5":
  "integrity" "sha1-G2HAViGQqN/2rjuyzwIAyhMLhtQ="
  "resolved" "https://registry.yarnpkg.com/escape-string-regexp/-/escape-string-regexp-1.0.5.tgz"
  "version" "1.0.5"

"esprima@^4.0.0":
  "integrity" "sha512-eGuFFw7Upda+g4p+QHvnW0RyTX/SVeJBDM/gCtMARO0cLuT2HcEKnTPvhjV6aGeqrCB/sbNop0Kszm0jsaWU4A=="
  "resolved" "https://registry.yarnpkg.com/esprima/-/esprima-4.0.1.tgz"
  "version" "4.0.1"

"eventemitter3@^4.0.0":
  "integrity" "sha512-8guHBZCwKnFhYdHr2ysuRWErTwhoN2X8XELRlrRwpmfeY2jjuUN4taQMsULKUVo1K4DvZl+0pgfyoysHxvmvEw=="
  "resolved" "https://registry.yarnpkg.com/eventemitter3/-/eventemitter3-4.0.7.tgz"
  "version" "4.0.7"

"flag-icons@^2.0.0":
  "integrity" "sha512-0CCeBbpCUaPR7S8aIAtQbXkwBwq6Ek9c/101CqTv5mr5TsReWLqkfEAez/zvrp+pA4GshGpjh/1TzmVYvnYj6Q=="
  "resolved" "https://registry.npmjs.org/flag-icons/-/flag-icons-2.0.0.tgz"
  "version" "2.0.0"

"follow-redirects@^1.0.0":
  "integrity" "sha512-zwGkiSXC1MUJG/qmeIFH2HBJx9u0V46QGUe3YR1fXG8bXQxq7fLj0RjLZQ5nubr9qNJUZrH+xUcwXEoXNpfS+g=="
  "resolved" "https://registry.yarnpkg.com/follow-redirects/-/follow-redirects-1.14.4.tgz"
  "version" "1.14.4"

"function-bind@^1.1.1":
  "integrity" "sha512-yIovAzMX49sF8Yl58fSCWJ5svSLuaibPxXQJFLmBObTuCr0Mf1KiPopGM9NiFjiYBCbfaa2Fh6breQ6ANVTI0A=="
  "resolved" "https://registry.yarnpkg.com/function-bind/-/function-bind-1.1.1.tgz"
  "version" "1.1.1"

"get-intrinsic@^1.0.2", "get-intrinsic@^1.1.0", "get-intrinsic@^1.1.1":
  "integrity" "sha512-kWZrnVM42QCiEA2Ig1bG8zjoIMOgxWwYCEeNdwY6Tv/cOSeGpcoX4pXHfKUxNKVoArnrEr2e9srnAxxGIraS9Q=="
  "resolved" "https://registry.yarnpkg.com/get-intrinsic/-/get-intrinsic-1.1.1.tgz"
  "version" "1.1.1"
  dependencies:
    "function-bind" "^1.1.1"
    "has" "^1.0.3"
    "has-symbols" "^1.0.1"

"get-symbol-description@^1.0.0":
  "integrity" "sha512-2EmdH1YvIQiZpltCNgkuiUnyukzxM/R6NDJX31Ke3BG1Nq5b0S2PhX59UKi9vZpPDQVdqn+1IcaAwnzTT5vCjw=="
  "resolved" "https://registry.yarnpkg.com/get-symbol-description/-/get-symbol-description-1.0.0.tgz"
  "version" "1.0.0"
  dependencies:
    "call-bind" "^1.0.2"
    "get-intrinsic" "^1.1.1"

"graceful-fs@^4.1.2":
  "integrity" "sha1-Dovf5NHduIVNZOBOp8AOKgJuVlg="
  "resolved" "https://registry.yarnpkg.com/graceful-fs/-/graceful-fs-4.1.11.tgz"
  "version" "4.1.11"

"has-bigints@^1.0.1":
  "integrity" "sha512-LSBS2LjbNBTf6287JEbEzvJgftkF5qFkmCo9hDRpAzKhUOlJ+hx8dd4USs00SgsUNwc4617J9ki5YtEClM2ffA=="
  "resolved" "https://registry.yarnpkg.com/has-bigints/-/has-bigints-1.0.1.tgz"
  "version" "1.0.1"

"has-flag@^3.0.0":
  "integrity" "sha1-tdRU3CGZriJWmfNGfloH87lVuv0="
  "resolved" "https://registry.yarnpkg.com/has-flag/-/has-flag-3.0.0.tgz"
  "version" "3.0.0"

"has-symbols@^1.0.1", "has-symbols@^1.0.2":
  "integrity" "sha512-chXa79rL/UC2KlX17jo3vRGz0azaWEx5tGqZg5pO3NUyEJVB17dMruQlzCCOfUvElghKcm5194+BCRvi2Rv/Gw=="
  "resolved" "https://registry.yarnpkg.com/has-symbols/-/has-symbols-1.0.2.tgz"
  "version" "1.0.2"

"has-tostringtag@^1.0.0":
  "integrity" "sha512-kFjcSNhnlGV1kyoGk7OXKSawH5JOb/LzUc5w9B02hOTO0dfFRjbHQKvg1d6cf3HbeUmtU9VbbV3qzZ2Teh97WQ=="
  "resolved" "https://registry.yarnpkg.com/has-tostringtag/-/has-tostringtag-1.0.0.tgz"
  "version" "1.0.0"
  dependencies:
    "has-symbols" "^1.0.2"

"has@^1.0.3":
  "integrity" "sha512-f2dvO0VU6Oej7RkWJGrehjbzMAjFp5/VKPp5tTpWIV4JHHZK1/BxbFRtf/siA2SWTe09caDmVtYYzWEIbBS4zw=="
  "resolved" "https://registry.yarnpkg.com/has/-/has-1.0.3.tgz"
  "version" "1.0.3"
  dependencies:
    "function-bind" "^1.1.1"

"he@^1.2.0":
  "integrity" "sha512-F/1DnUGPopORZi0ni+CvrCgHQ5FyEAHRLSApuYWMmrbSwoN2Mn/7k+Gl38gJnR7yyDZk6WLXwiGod1JOWNDKGw=="
  "resolved" "https://registry.yarnpkg.com/he/-/he-1.2.0.tgz"
  "version" "1.2.0"

"html-encoding-sniffer@^3.0.0":
  "integrity" "sha512-oWv4T4yJ52iKrufjnyZPkrN0CH3QnrUqdB6In1g5Fe1mia8GmF36gnfNySxoZtxD5+NmYw1EElVXiBk93UeskA=="
  "resolved" "https://registry.yarnpkg.com/html-encoding-sniffer/-/html-encoding-sniffer-3.0.0.tgz"
  "version" "3.0.0"
  dependencies:
    "whatwg-encoding" "^2.0.0"

"http-proxy@^1.18.1":
  "integrity" "sha512-7mz/721AbnJwIVbnaSv1Cz3Am0ZLT/UBwkC92VlxhXv/k/BBQfM2fXElQNC27BVGr0uwUpplYPQM9LnaBMR5NQ=="
  "resolved" "https://registry.yarnpkg.com/http-proxy/-/http-proxy-1.18.1.tgz"
  "version" "1.18.1"
  dependencies:
    "eventemitter3" "^4.0.0"
    "follow-redirects" "^1.0.0"
    "requires-port" "^1.0.0"

"http-server@14.0.0":
  "integrity" "sha512-XTePIXAo5x72bI8SlKFSqsg7UuSHwsOa4+RJIe56YeMUvfTvGDy7TxFkTEhfIRmM/Dnf6x29ut541ythSBZdkQ=="
  "resolved" "https://registry.yarnpkg.com/http-server/-/http-server-14.0.0.tgz"
  "version" "14.0.0"
  dependencies:
    "basic-auth" "^2.0.1"
    "colors" "^1.4.0"
    "corser" "^2.0.1"
    "he" "^1.2.0"
    "html-encoding-sniffer" "^3.0.0"
    "http-proxy" "^1.18.1"
    "mime" "^1.6.0"
    "minimist" "^1.2.5"
    "opener" "^1.5.1"
    "portfinder" "^1.0.28"
    "secure-compare" "3.0.1"
    "union" "~0.5.0"
    "url-join" "^4.0.1"

"iconv-lite@^0.4.4":
  "integrity" "sha512-v3MXnZAcvnywkTUEZomIActle7RXXeedOR31wwl7VlyoXO4Qi9arvSenNQWne1TcRwhCL1HwLI21bEqdpj8/rA=="
  "resolved" "https://registry.yarnpkg.com/iconv-lite/-/iconv-lite-0.4.24.tgz"
  "version" "0.4.24"
  dependencies:
    "safer-buffer" ">= 2.1.2 < 3"

"iconv-lite@0.6.3":
  "integrity" "sha512-4fCk79wshMdzMp2rH06qWrJE4iolqLhCUH+OiuIgU++RB0+94NlDL81atO7GX55uUKueo0txHNtvEyI6D7WdMw=="
  "resolved" "https://registry.yarnpkg.com/iconv-lite/-/iconv-lite-0.6.3.tgz"
  "version" "0.6.3"
  dependencies:
    "safer-buffer" ">= 2.1.2 < 3.0.0"

"image-size@~0.5.0":
  "integrity" "sha1-Cd/Uq50g4p6xw+gLiZA3jfnjy5w="
  "resolved" "https://registry.yarnpkg.com/image-size/-/image-size-0.5.5.tgz"
  "version" "0.5.5"

"internal-slot@^1.0.3":
  "integrity" "sha512-O0DB1JC/sPyZl7cIo78n5dR7eUSwwpYPiXRhTzNxZVAMUuB8vlnRFyLxdrVToks6XPLVnFfbzaVd5WLjhgg+vA=="
  "resolved" "https://registry.yarnpkg.com/internal-slot/-/internal-slot-1.0.3.tgz"
  "version" "1.0.3"
  dependencies:
    "get-intrinsic" "^1.1.0"
    "has" "^1.0.3"
    "side-channel" "^1.0.4"

"is-bigint@^1.0.1":
  "integrity" "sha512-zB9CruMamjym81i2JZ3UMn54PKGsQzsJeo6xvN3HJJ4CAsQNB6iRutp2To77OfCNuoxspsIhzaPoO1zyCEhFOg=="
  "resolved" "https://registry.yarnpkg.com/is-bigint/-/is-bigint-1.0.4.tgz"
  "version" "1.0.4"
  dependencies:
    "has-bigints" "^1.0.1"

"is-boolean-object@^1.1.0":
  "integrity" "sha512-gDYaKHJmnj4aWxyj6YHyXVpdQawtVLHU5cb+eztPGczf6cjuTdwve5ZIEfgXqH4e57An1D1AKf8CZ3kYrQRqYA=="
  "resolved" "https://registry.yarnpkg.com/is-boolean-object/-/is-boolean-object-1.1.2.tgz"
  "version" "1.1.2"
  dependencies:
    "call-bind" "^1.0.2"
    "has-tostringtag" "^1.0.0"

"is-callable@^1.1.4", "is-callable@^1.2.4":
  "integrity" "sha512-nsuwtxZfMX67Oryl9LCQ+upnC0Z0BgpwntpS89m1H/TLF0zNfzfLMV/9Wa/6MZsj0acpEjAO0KF1xT6ZdLl95w=="
  "resolved" "https://registry.yarnpkg.com/is-callable/-/is-callable-1.2.4.tgz"
  "version" "1.2.4"

"is-date-object@^1.0.1":
  "integrity" "sha512-9YQaSxsAiSwcvS33MBk3wTCVnWK+HhF8VZR2jRxehM16QcVOdHqPn4VPHmRK4lSr38n9JriurInLcP90xsYNfQ=="
  "resolved" "https://registry.yarnpkg.com/is-date-object/-/is-date-object-1.0.5.tgz"
  "version" "1.0.5"
  dependencies:
    "has-tostringtag" "^1.0.0"

"is-negative-zero@^2.0.1":
  "integrity" "sha512-2z6JzQvZRa9A2Y7xC6dQQm4FSTSTNWjKIYYTt4246eMTJmIo0Q+ZyOsU66X8lxK1AbB92dFeglPLrhwpeRKO6w=="
  "resolved" "https://registry.yarnpkg.com/is-negative-zero/-/is-negative-zero-2.0.1.tgz"
  "version" "2.0.1"

"is-number-object@^1.0.4":
  "integrity" "sha512-bEVOqiRcvo3zO1+G2lVMy+gkkEm9Yh7cDMRusKKu5ZJKPUYSJwICTKZrNKHA2EbSP0Tu0+6B/emsYNHZyn6K8g=="
  "resolved" "https://registry.yarnpkg.com/is-number-object/-/is-number-object-1.0.6.tgz"
  "version" "1.0.6"
  dependencies:
    "has-tostringtag" "^1.0.0"

"is-regex@^1.1.4":
  "integrity" "sha512-kvRdxDsxZjhzUX07ZnLydzS1TU/TJlTUHHY4YLL87e37oUA49DfkLqgy+VjFocowy29cKvcSiu+kIv728jTTVg=="
  "resolved" "https://registry.yarnpkg.com/is-regex/-/is-regex-1.1.4.tgz"
  "version" "1.1.4"
  dependencies:
    "call-bind" "^1.0.2"
    "has-tostringtag" "^1.0.0"

"is-shared-array-buffer@^1.0.1":
  "integrity" "sha512-IU0NmyknYZN0rChcKhRO1X8LYz5Isj/Fsqh8NJOSf+N/hCOTwy29F32Ik7a+QszE63IdvmwdTPDd6cZ5pg4cwA=="
  "resolved" "https://registry.yarnpkg.com/is-shared-array-buffer/-/is-shared-array-buffer-1.0.1.tgz"
  "version" "1.0.1"

"is-string@^1.0.5", "is-string@^1.0.7":
  "integrity" "sha512-tE2UXzivje6ofPW7l23cjDOMa09gb7xlAqG6jG5ej6uPV32TlWP3NKPigtaGeHNu9fohccRYvIiZMfOOnOYUtg=="
  "resolved" "https://registry.yarnpkg.com/is-string/-/is-string-1.0.7.tgz"
  "version" "1.0.7"
  dependencies:
    "has-tostringtag" "^1.0.0"

"is-symbol@^1.0.2", "is-symbol@^1.0.3":
  "integrity" "sha512-C/CPBqKWnvdcxqIARxyOh4v1UUEOCHpgDa0WYgpKDFMszcrPcffg5uhwSgPCLD2WWxmq6isisz87tzT01tuGhg=="
  "resolved" "https://registry.yarnpkg.com/is-symbol/-/is-symbol-1.0.4.tgz"
  "version" "1.0.4"
  dependencies:
    "has-symbols" "^1.0.2"

"is-weakref@^1.0.1":
  "integrity" "sha512-b2jKc2pQZjaeFYWEf7ScFj+Be1I+PXmlu572Q8coTXZ+LD/QQZ7ShPMst8h16riVgyXTQwUsFEl74mDvc/3MHQ=="
  "resolved" "https://registry.yarnpkg.com/is-weakref/-/is-weakref-1.0.1.tgz"
  "version" "1.0.1"
  dependencies:
    "call-bind" "^1.0.0"

"is-what@^3.12.0":
  "integrity" "sha512-sNxgpk9793nzSs7bA6JQJGeIuRBQhAaNGG77kzYQgMkrID+lS6SlK07K5LaptscDlSaIgH+GPFzf+d75FVxozA=="
  "resolved" "https://registry.yarnpkg.com/is-what/-/is-what-3.14.1.tgz"
  "version" "3.14.1"

"js-yaml@^3.13.1":
  "integrity" "sha512-okMH7OXXJ7YrN9Ok3/SXrnu4iX9yOk+25nqX4imS2npuvTYDmo/QEZoqwZkYaIDk3jVvBOTOIEgEhaLOynBS9g=="
  "resolved" "https://registry.yarnpkg.com/js-yaml/-/js-yaml-3.14.1.tgz"
  "version" "3.14.1"
  dependencies:
    "argparse" "^1.0.7"
    "esprima" "^4.0.0"

"less@4.1.2":
  "integrity" "sha512-EoQp/Et7OSOVu0aJknJOtlXZsnr8XE8KwuzTHOLeVSEx8pVWUICc8Q0VYRHgzyjX78nMEyC/oztWFbgyhtNfDA=="
  "resolved" "https://registry.yarnpkg.com/less/-/less-4.1.2.tgz"
  "version" "4.1.2"
  dependencies:
    "copy-anything" "^2.0.1"
    "parse-node-version" "^1.0.1"
    "tslib" "^2.3.0"
  optionalDependencies:
    "errno" "^0.1.1"
    "graceful-fs" "^4.1.2"
    "image-size" "~0.5.0"
    "make-dir" "^2.1.0"
    "mime" "^1.4.1"
    "needle" "^2.5.2"
    "source-map" "~0.6.0"

"lodash@^4.17.14":
  "integrity" "sha512-v2kDEe57lecTulaDIuNTPy3Ry4gLGJ6Z1O3vE1krgXZNrsQ+LFTGHVxVjcXPs17LhbZVGedAJv8XZ1tvj5FvSg=="
  "resolved" "https://registry.yarnpkg.com/lodash/-/lodash-4.17.21.tgz"
  "version" "4.17.21"

"make-dir@^2.1.0":
  "integrity" "sha512-LS9X+dc8KLxXCb8dni79fLIIUA5VyZoyjSMCwTluaXA0o27cCK0bhXkpgw+sTXVpPy/lSO57ilRixqk0vDmtRA=="
  "resolved" "https://registry.yarnpkg.com/make-dir/-/make-dir-2.1.0.tgz"
  "version" "2.1.0"
  dependencies:
    "pify" "^4.0.1"
    "semver" "^5.6.0"

"mdn-data@2.0.14":
  "integrity" "sha512-dn6wd0uw5GsdswPFfsgMp5NSB0/aDe6fK94YJV/AJDYXL6HVLWBsxeq7js7Ad+mU2K9LAlwpk6kN2D5mwCPVow=="
  "resolved" "https://registry.yarnpkg.com/mdn-data/-/mdn-data-2.0.14.tgz"
  "version" "2.0.14"

"mdn-data@2.0.4":
  "integrity" "sha512-iV3XNKw06j5Q7mi6h+9vbx23Tv7JkjEVgKHW4pimwyDGWm0OIQntJJ+u1C6mg6mK1EaTv42XQ7w76yuzH7M2cA=="
  "resolved" "https://registry.yarnpkg.com/mdn-data/-/mdn-data-2.0.4.tgz"
  "version" "2.0.4"

"mime@^1.4.1", "mime@^1.6.0":
  "integrity" "sha512-x0Vn8spI+wuJ1O6S7gnbaQg8Pxh4NNHb7KSINmEWKiPE4RKOplvijn+NkmYmmRgP68mc70j2EbeTFRsrswaQeg=="
  "resolved" "https://registry.yarnpkg.com/mime/-/mime-1.6.0.tgz"
  "version" "1.6.0"

"minimist@^1.2.5":
  "integrity" "sha512-FM9nNUYrRBAELZQT3xeZQ7fmMOBg6nWNmJKTcgsJeaLstP/UODVpGsr5OhXhhXg6f+qtJ8uiZ+PUxkDWcgIXLw=="
  "resolved" "https://registry.yarnpkg.com/minimist/-/minimist-1.2.5.tgz"
  "version" "1.2.5"

"mkdirp@^0.5.5", "mkdirp@~0.5.1":
  "integrity" "sha512-NKmAlESf6jMGym1++R0Ra7wvhV+wFW63FaSOFPwRahvea0gMUcGUhVeAg/0BC0wiv9ih5NYPB1Wn1UEI1/L+xQ=="
  "resolved" "https://registry.yarnpkg.com/mkdirp/-/mkdirp-0.5.5.tgz"
  "version" "0.5.5"
  dependencies:
    "minimist" "^1.2.5"

"ms@^2.1.1":
  "integrity" "sha512-6FlzubTLZG3J2a/NVCAleEhjzq5oxgHyaCU9yYXvcLsvoVaHJq/s5xXI6/XXP6tz7R9xAOtHnSO/tXtF3WRTlA=="
  "resolved" "https://registry.yarnpkg.com/ms/-/ms-2.1.3.tgz"
  "version" "2.1.3"

"needle@^2.5.2":
  "integrity" "sha512-KKYdza4heMsEfSWD7VPUIz3zX2XDwOyX2d+geb4vrERZMT5RMU6ujjaD+I5Yr54uZxQ2w6XRTAhHBbSCyovZBg=="
  "resolved" "https://registry.yarnpkg.com/needle/-/needle-2.6.0.tgz"
  "version" "2.6.0"
  dependencies:
    "debug" "^3.2.6"
    "iconv-lite" "^0.4.4"
    "sax" "^1.2.4"

"nth-check@^1.0.2":
  "integrity" "sha512-WeBOdju8SnzPN5vTUJYxYUxLeXpCaVP5i5e0LF8fg7WORF2Wd7wFX/pk0tYZk7s8T+J7VLy0Da6J1+wCT0AtHg=="
  "resolved" "https://registry.yarnpkg.com/nth-check/-/nth-check-1.0.2.tgz"
  "version" "1.0.2"
  dependencies:
    "boolbase" "~1.0.0"

"object-inspect@^1.11.0", "object-inspect@^1.9.0":
  "integrity" "sha512-jp7ikS6Sd3GxQfZJPyH3cjcbJF6GZPClgdV+EFygjFLQ5FmW/dRUnTd9PQ9k0JhoNDabWFbpF1yCdSWCC6gexg=="
  "resolved" "https://registry.yarnpkg.com/object-inspect/-/object-inspect-1.11.0.tgz"
  "version" "1.11.0"

"object-keys@^1.0.12", "object-keys@^1.1.1":
  "integrity" "sha512-NuAESUOUMrlIXOfHKzD6bpPu3tYt3xvjNdRIQ+FeT0lNb4K8WR70CaDxhuNguS2XG+GjkyMwOzsN5ZktImfhLA=="
  "resolved" "https://registry.yarnpkg.com/object-keys/-/object-keys-1.1.1.tgz"
  "version" "1.1.1"

"object.assign@^4.1.2":
  "integrity" "sha512-ixT2L5THXsApyiUPYKmW+2EHpXXe5Ii3M+f4e+aJFAHao5amFRW6J0OO6c/LU8Be47utCx2GL89hxGB6XSmKuQ=="
  "resolved" "https://registry.yarnpkg.com/object.assign/-/object.assign-4.1.2.tgz"
  "version" "4.1.2"
  dependencies:
    "call-bind" "^1.0.0"
    "define-properties" "^1.1.3"
    "has-symbols" "^1.0.1"
    "object-keys" "^1.1.1"

"object.getownpropertydescriptors@^2.1.0":
  "integrity" "sha512-VdDoCwvJI4QdC6ndjpqFmoL3/+HxffFBbcJzKi5hwLLqqx3mdbedRpfZDdK0SrOSauj8X4GzBvnDZl4vTN7dOw=="
  "resolved" "https://registry.yarnpkg.com/object.getownpropertydescriptors/-/object.getownpropertydescriptors-2.1.3.tgz"
  "version" "2.1.3"
  dependencies:
    "call-bind" "^1.0.2"
    "define-properties" "^1.1.3"
    "es-abstract" "^1.19.1"

"object.values@^1.1.0":
  "integrity" "sha512-QUZRW0ilQ3PnPpbNtgdNV1PDbEqLIiSFB3l+EnGtBQ/8SUTLj1PZwtQHABZtLgwpJZTSZhuGLOGk57Drx2IvYg=="
  "resolved" "https://registry.yarnpkg.com/object.values/-/object.values-1.1.5.tgz"
  "version" "1.1.5"
  dependencies:
    "call-bind" "^1.0.2"
    "define-properties" "^1.1.3"
    "es-abstract" "^1.19.1"

"opener@^1.5.1":
  "integrity" "sha512-ur5UIdyw5Y7yEj9wLzhqXiy6GZ3Mwx0yGI+5sMn2r0N0v3cKJvUmFH5yPP+WXh9e0xfyzyJX95D8l088DNFj7A=="
  "resolved" "https://registry.yarnpkg.com/opener/-/opener-1.5.2.tgz"
  "version" "1.5.2"

"parse-node-version@^1.0.1":
  "integrity" "sha512-3YHlOa/JgH6Mnpr05jP9eDG254US9ek25LyIxZlDItp2iJtwyaXQb57lBYLdT3MowkUFYEV2XXNAYIPlESvJlA=="
  "resolved" "https://registry.yarnpkg.com/parse-node-version/-/parse-node-version-1.0.1.tgz"
  "version" "1.0.1"

"pify@^4.0.1":
  "integrity" "sha512-uB80kBFb/tfd68bVleG9T5GGsGPjJrLAUpR5PZIrhBnIaRTQRjqdJSsIKkOP6OAIFbj7GOrcudc5pNjZ+geV2g=="
  "resolved" "https://registry.yarnpkg.com/pify/-/pify-4.0.1.tgz"
  "version" "4.0.1"

"portfinder@^1.0.28":
  "integrity" "sha512-Se+2isanIcEqf2XMHjyUKskczxbPH7dQnlMjXX6+dybayyHvAf/TCgyMRlzf/B6QDhAEFOGes0pzRo3by4AbMA=="
  "resolved" "https://registry.yarnpkg.com/portfinder/-/portfinder-1.0.28.tgz"
  "version" "1.0.28"
  dependencies:
    "async" "^2.6.2"
    "debug" "^3.1.1"
    "mkdirp" "^0.5.5"

"prettier@2.4.1":
  "integrity" "sha512-9fbDAXSBcc6Bs1mZrDYb3XKzDLm4EXXL9sC1LqKP5rZkT6KRr/rf9amVUcODVXgguK/isJz0d0hP72WeaKWsvA=="
  "resolved" "https://registry.yarnpkg.com/prettier/-/prettier-2.4.1.tgz"
  "version" "2.4.1"

"prr@~1.0.1":
  "integrity" "sha1-0/wRS6BplaRexok/SEzrHXj19HY="
  "resolved" "https://registry.yarnpkg.com/prr/-/prr-1.0.1.tgz"
  "version" "1.0.1"

"q@^1.1.2":
  "integrity" "sha1-fjL3W0E4EpHQRhHxvxQQmsAGUdc="
  "resolved" "https://registry.yarnpkg.com/q/-/q-1.5.1.tgz"
  "version" "1.5.1"

"qs@^6.4.0":
  "integrity" "sha512-M528Hph6wsSVOBiYUnGf+K/7w0hNshs/duGsNXPUCLH5XAqjEtiPGwNONLV0tBH8NoGb0mvD5JubnUTrujKDTg=="
  "resolved" "https://registry.yarnpkg.com/qs/-/qs-6.10.1.tgz"
  "version" "6.10.1"
  dependencies:
    "side-channel" "^1.0.4"

"requires-port@^1.0.0":
  "integrity" "sha1-kl0mAdOaxIXgkc8NpcbmlNw9yv8="
  "resolved" "https://registry.yarnpkg.com/requires-port/-/requires-port-1.0.0.tgz"
  "version" "1.0.0"

"safe-buffer@5.1.2":
  "integrity" "sha512-Gd2UZBJDkXlY7GbJxfsE8/nvKkUEU1G38c1siN6QP6a9PT9MmHB8GnpscSmMJSoF8LOIrt8ud/wPtojys4G6+g=="
  "resolved" "https://registry.yarnpkg.com/safe-buffer/-/safe-buffer-5.1.2.tgz"
  "version" "5.1.2"

"safer-buffer@>= 2.1.2 < 3", "safer-buffer@>= 2.1.2 < 3.0.0":
  "integrity" "sha512-YZo3K82SD7Riyi0E1EQPojLz7kpepnSQI9IyPbHHg1XXXevb5dJI7tpyN2ADxGcQbHG7vcyRHk0cbwqcQriUtg=="
  "resolved" "https://registry.yarnpkg.com/safer-buffer/-/safer-buffer-2.1.2.tgz"
  "version" "2.1.2"

"sax@^1.2.4", "sax@~1.2.4":
  "integrity" "sha512-NqVDv9TpANUjFm0N8uM5GxL36UgKi9/atZw+x7YFnQ8ckwFGKrl4xX4yWtrey3UJm5nP1kUbnYgLopqWNSRhWw=="
  "resolved" "https://registry.yarnpkg.com/sax/-/sax-1.2.4.tgz"
  "version" "1.2.4"

"secure-compare@3.0.1":
  "integrity" "sha1-8aAymzCLIh+uN7mXTz1XjQypmeM="
  "resolved" "https://registry.yarnpkg.com/secure-compare/-/secure-compare-3.0.1.tgz"
  "version" "3.0.1"

"semver@^5.6.0":
  "integrity" "sha512-sauaDf/PZdVgrLTNYHRtpXa1iRiKcaebiKQ1BJdpQlWH2lCvexQdX55snPFyK7QzpudqbCI0qXFfOasHdyNDGQ=="
  "resolved" "https://registry.yarnpkg.com/semver/-/semver-5.7.1.tgz"
  "version" "5.7.1"

"side-channel@^1.0.4":
  "integrity" "sha512-q5XPytqFEIKHkGdiMIrY10mvLRvnQh42/+GoBlFW3b2LXLE2xxJpZFdm94we0BaoV3RwJyGqg5wS7epxTv0Zvw=="
  "resolved" "https://registry.yarnpkg.com/side-channel/-/side-channel-1.0.4.tgz"
  "version" "1.0.4"
  dependencies:
    "call-bind" "^1.0.0"
    "get-intrinsic" "^1.0.2"
    "object-inspect" "^1.9.0"

"source-map@^0.6.1", "source-map@~0.6.0":
  "integrity" "sha512-UjgapumWlbMhkBgzT7Ykc5YXUT46F0iKu8SGXq0bcwP5dz/h0Plj6enJqjz1Zbq2l5WaqYnrVbwWOWMyF3F47g=="
  "resolved" "https://registry.yarnpkg.com/source-map/-/source-map-0.6.1.tgz"
  "version" "0.6.1"

"sprintf-js@~1.0.2":
  "integrity" "sha1-BOaSb2YolTVPPdAVIDYzuFcpfiw="
  "resolved" "https://registry.yarnpkg.com/sprintf-js/-/sprintf-js-1.0.3.tgz"
  "version" "1.0.3"

"stable@^0.1.8":
  "integrity" "sha512-ji9qxRnOVfcuLDySj9qzhGSEFVobyt1kIOSkj1qZzYLzq7Tos/oUUWvotUPQLlrsidqsK6tBH89Bc9kL5zHA6w=="
  "resolved" "https://registry.yarnpkg.com/stable/-/stable-0.1.8.tgz"
  "version" "0.1.8"

"string.prototype.trimend@^1.0.4":
  "integrity" "sha512-y9xCjw1P23Awk8EvTpcyL2NIr1j7wJ39f+k6lvRnSMz+mz9CGz9NYPelDk42kOz6+ql8xjfK8oYzy3jAP5QU5A=="
  "resolved" "https://registry.yarnpkg.com/string.prototype.trimend/-/string.prototype.trimend-1.0.4.tgz"
  "version" "1.0.4"
  dependencies:
    "call-bind" "^1.0.2"
    "define-properties" "^1.1.3"

"string.prototype.trimstart@^1.0.4":
  "integrity" "sha512-jh6e984OBfvxS50tdY2nRZnoC5/mLFKOREQfw8t5yytkoUsJRNxvI/E39qu1sD0OtWI3OC0XgKSmcWwziwYuZw=="
  "resolved" "https://registry.yarnpkg.com/string.prototype.trimstart/-/string.prototype.trimstart-1.0.4.tgz"
  "version" "1.0.4"
  dependencies:
    "call-bind" "^1.0.2"
    "define-properties" "^1.1.3"

"supports-color@^5.3.0":
  "integrity" "sha512-QjVjwdXIt408MIiAqCX4oUKsgU2EqAGzs2Ppkm4aQYbjm+ZEWEcW4SfFNTr4uMNZma0ey4f5lgLrkB0aX0QMow=="
  "resolved" "https://registry.yarnpkg.com/supports-color/-/supports-color-5.5.0.tgz"
  "version" "5.5.0"
  dependencies:
    "has-flag" "^3.0.0"

"svgo@1.3.2":
  "integrity" "sha512-yhy/sQYxR5BkC98CY7o31VGsg014AKLEPxdfhora76l36hD9Rdy5NZA/Ocn6yayNPgSamYdtX2rFJdcv07AYVw=="
  "resolved" "https://registry.yarnpkg.com/svgo/-/svgo-1.3.2.tgz"
  "version" "1.3.2"
  dependencies:
    "chalk" "^2.4.1"
    "coa" "^2.0.2"
    "css-select" "^2.0.0"
    "css-select-base-adapter" "^0.1.1"
    "css-tree" "1.0.0-alpha.37"
    "csso" "^4.0.2"
    "js-yaml" "^3.13.1"
    "mkdirp" "~0.5.1"
    "object.values" "^1.1.0"
    "sax" "~1.2.4"
    "stable" "^0.1.8"
    "unquote" "~1.1.1"
    "util.promisify" "~1.0.0"

"tslib@^2.3.0":
  "integrity" "sha512-77EbyPPpMz+FRFRuAFlWMtmgUWGe9UOG2Z25NqCwiIjRhOf5iKGuzSe5P2w1laq+FkRy4p+PCuVkJSGkzTEKVw=="
  "resolved" "https://registry.yarnpkg.com/tslib/-/tslib-2.3.1.tgz"
  "version" "2.3.1"

"unbox-primitive@^1.0.1":
  "integrity" "sha512-tZU/3NqK3dA5gpE1KtyiJUrEB0lxnGkMFHptJ7q6ewdZ8s12QrODwNbhIJStmJkd1QDXa1NRA8aF2A1zk/Ypyw=="
  "resolved" "https://registry.yarnpkg.com/unbox-primitive/-/unbox-primitive-1.0.1.tgz"
  "version" "1.0.1"
  dependencies:
    "function-bind" "^1.1.1"
    "has-bigints" "^1.0.1"
    "has-symbols" "^1.0.2"
    "which-boxed-primitive" "^1.0.2"

"union@~0.5.0":
  "integrity" "sha512-N6uOhuW6zO95P3Mel2I2zMsbsanvvtgn6jVqJv4vbVcz/JN0OkL9suomjQGmWtxJQXOCqUJvquc1sMeNz/IwlA=="
  "resolved" "https://registry.yarnpkg.com/union/-/union-0.5.0.tgz"
  "version" "0.5.0"
  dependencies:
    "qs" "^6.4.0"

"unquote@~1.1.1":
  "integrity" "sha1-j97XMk7G6IoP+LkF58CYzcCG1UQ="
  "resolved" "https://registry.yarnpkg.com/unquote/-/unquote-1.1.1.tgz"
  "version" "1.1.1"

"url-join@^4.0.1":
  "integrity" "sha512-jk1+QP6ZJqyOiuEI9AEWQfju/nB2Pw466kbA0LEZljHwKeMgd9WrAEgEGxjPDD2+TNbbb37rTyhEfrCXfuKXnA=="
  "resolved" "https://registry.yarnpkg.com/url-join/-/url-join-4.0.1.tgz"
  "version" "4.0.1"

"util.promisify@~1.0.0":
  "integrity" "sha512-g9JpC/3He3bm38zsLupWryXHoEcS22YHthuPQSJdMy6KNrzIRzWqcsHzD/WUnqe45whVou4VIsPew37DoXWNrA=="
  "resolved" "https://registry.yarnpkg.com/util.promisify/-/util.promisify-1.0.1.tgz"
  "version" "1.0.1"
  dependencies:
    "define-properties" "^1.1.3"
    "es-abstract" "^1.17.2"
    "has-symbols" "^1.0.1"
    "object.getownpropertydescriptors" "^2.1.0"

"whatwg-encoding@^2.0.0":
  "integrity" "sha512-p41ogyeMUrw3jWclHWTQg1k05DSVXPLcVxRTYsXUk+ZooOCZLcoYgPZ/HL/D/N+uQPOtcp1me1WhBEaX02mhWg=="
  "resolved" "https://registry.yarnpkg.com/whatwg-encoding/-/whatwg-encoding-2.0.0.tgz"
  "version" "2.0.0"
  dependencies:
    "iconv-lite" "0.6.3"

"which-boxed-primitive@^1.0.2":
  "integrity" "sha512-bwZdv0AKLpplFY2KZRX6TvyuN7ojjr7lwkg6ml0roIy9YeuSr7JS372qlNW18UQYzgYK9ziGcerWqZOmEn9VNg=="
  "resolved" "https://registry.yarnpkg.com/which-boxed-primitive/-/which-boxed-primitive-1.0.2.tgz"
  "version" "1.0.2"
  dependencies:
    "is-bigint" "^1.0.1"
    "is-boolean-object" "^1.1.0"
    "is-number-object" "^1.0.4"
    "is-string" "^1.0.5"
    "is-symbol" "^1.0.3"
